
Microsoft Visual Studio Solution File, Format Version 12.00
# Visual Studio Version 17
VisualStudioVersion = 17.1.32421.90
MinimumVisualStudioVersion = 10.0.40219.1
Project("{9A19103F-16F7-4668-BE54-9A1E7A4F7556}") = "AdventOfCode", "AdventOfCode\AdventOfCode.csproj", "{437E3174-9B95-49AA-9168-D14C34647AFA}"
EndProject
Global
	GlobalSection(SolutionConfigurationPlatforms) = preSolution
		Debug|Any CPU = Debug|Any CPU
		Release|Any CPU = Release|Any CPU
	EndGlobalSection
	GlobalSection(ProjectConfigurationPlatforms) = postSolution
		{437E3174-9B95-49AA-9168-D14C34647AFA}.Debug|Any CPU.ActiveCfg = Debug|Any CPU
		{437E3174-9B95-49AA-9168-D14C34647AFA}.Debug|Any CPU.Build.0 = Debug|Any CPU
		{437E3174-9B95-49AA-9168-D14C34647AFA}.Release|Any CPU.ActiveCfg = Release|Any CPU
		{437E3174-9B95-49AA-9168-D14C34647AFA}.Release|Any CPU.Build.0 = Release|Any CPU
	EndGlobalSection
	GlobalSection(SolutionProperties) = preSolution
		HideSolutionNode = FALSE
	EndGlobalSection
	GlobalSection(ExtensibilityGlobals) = postSolution
		SolutionGuid = {661DE228-2679-42FA-B916-6D247A29BDDB}
	EndGlobalSection
EndGlobal
